// !$*UTF8*$!
{
	archiveVersion = 1;
	classes = {
	};
	objectVersion = 46;
	objects = {

/* Begin PBXBuildFile section */
		3462C9CE1BC44BAC0094CE76 /* main.m in Sources */ = {isa = PBXBuildFile; fileRef = 3462C9CD1BC44BAC0094CE76 /* main.m */; };
		3462C9D11BC44BAC0094CE76 /* AppDelegate.m in Sources */ = {isa = PBXBuildFile; fileRef = 3462C9D01BC44BAC0094CE76 /* AppDelegate.m */; };
		3462C9D41BC44BAC0094CE76 /* ViewController.m in Sources */ = {isa = PBXBuildFile; fileRef = 3462C9D31BC44BAC0094CE76 /* ViewController.m */; };
		3462C9D71BC44BAC0094CE76 /* Main.storyboard in Resources */ = {isa = PBXBuildFile; fileRef = 3462C9D51BC44BAC0094CE76 /* Main.storyboard */; };
		3462C9D91BC44BAC0094CE76 /* Assets.xcassets in Resources */ = {isa = PBXBuildFile; fileRef = 3462C9D81BC44BAC0094CE76 /* Assets.xcassets */; };
		3462C9DC1BC44BAC0094CE76 /* LaunchScreen.storyboard in Resources */ = {isa = PBXBuildFile; fileRef = 3462C9DA1BC44BAC0094CE76 /* LaunchScreen.storyboard */; };
		3462C9E71BC44BAC0094CE76 /* FlattenArrayTests.m in Sources */ = {isa = PBXBuildFile; fileRef = 3462C9E61BC44BAC0094CE76 /* FlattenArrayTests.m */; };
		3462C9F21BC44BAC0094CE76 /* FlattenArrayUITests.m in Sources */ = {isa = PBXBuildFile; fileRef = 3462C9F11BC44BAC0094CE76 /* FlattenArrayUITests.m */; };
/* End PBXBuildFile section */

/* Begin PBXContainerItemProxy section */
		3462C9E31BC44BAC0094CE76 /* PBXContainerItemProxy */ = {
			isa = PBXContainerItemProxy;
			containerPortal = 3462C9C11BC44BAC0094CE76 /* Project object */;
			proxyType = 1;
			remoteGlobalIDString = 3462C9C81BC44BAC0094CE76;
			remoteInfo = FlattenArray;
		};
		3462C9EE1BC44BAC0094CE76 /* PBXContainerItemProxy */ = {
			isa = PBXContainerItemProxy;
			containerPortal = 3462C9C11BC44BAC0094CE76 /* Project object */;
			proxyType = 1;
			remoteGlobalIDString = 3462C9C81BC44BAC0094CE76;
			remoteInfo = FlattenArray;
		};
/* End PBXContainerItemProxy section */

/* Begin PBXFileReference section */
		3462C9C91BC44BAC0094CE76 /* FlattenArray.app */ = {isa = PBXFileReference; explicitFileType = wrapper.application; includeInIndex = 0; path = FlattenArray.app; sourceTree = BUILT_PRODUCTS_DIR; };
		3462C9CD1BC44BAC0094CE76 /* main.m */ = {isa = PBXFileReference; lastKnownFileType = sourcecode.c.objc; path = main.m; sourceTree = "<group>"; };
		3462C9CF1BC44BAC0094CE76 /* AppDelegate.h */ = {isa = PBXFileReference; lastKnownFileType = sourcecode.c.h; path = AppDelegate.h; sourceTree = "<group>"; };
		3462C9D01BC44BAC0094CE76 /* AppDelegate.m */ = {isa = PBXFileReference; lastKnownFileType = sourcecode.c.objc; path = AppDelegate.m; sourceTree = "<group>"; };
		3462C9D21BC44BAC0094CE76 /* ViewController.h */ = {isa = PBXFileReference; lastKnownFileType = sourcecode.c.h; path = ViewController.h; sourceTree = "<group>"; };
		3462C9D31BC44BAC0094CE76 /* ViewController.m */ = {isa = PBXFileReference; lastKnownFileType = sourcecode.c.objc; path = ViewController.m; sourceTree = "<group>"; };
		3462C9D61BC44BAC0094CE76 /* Base */ = {isa = PBXFileReference; lastKnownFileType = file.storyboard; name = Base; path = Base.lproj/Main.storyboard; sourceTree = "<group>"; };
		3462C9D81BC44BAC0094CE76 /* Assets.xcassets */ = {isa = PBXFileReference; lastKnownFileType = folder.assetcatalog; path = Assets.xcassets; sourceTree = "<group>"; };
		3462C9DB1BC44BAC0094CE76 /* Base */ = {isa = PBXFileReference; lastKnownFileType = file.storyboard; name = Base; path = Base.lproj/LaunchScreen.storyboard; sourceTree = "<group>"; };
		3462C9DD1BC44BAC0094CE76 /* Info.plist */ = {isa = PBXFileReference; lastKnownFileType = text.plist.xml; path = Info.plist; sourceTree = "<group>"; };
		3462C9E21BC44BAC0094CE76 /* FlattenArrayTests.xctest */ = {isa = PBXFileReference; explicitFileType = wrapper.cfbundle; includeInIndex = 0; path = FlattenArrayTests.xctest; sourceTree = BUILT_PRODUCTS_DIR; };
		3462C9E61BC44BAC0094CE76 /* FlattenArrayTests.m */ = {isa = PBXFileReference; lastKnownFileType = sourcecode.c.objc; path = FlattenArrayTests.m; sourceTree = "<group>"; };
		3462C9E81BC44BAC0094CE76 /* Info.plist */ = {isa = PBXFileReference; lastKnownFileType = text.plist.xml; path = Info.plist; sourceTree = "<group>"; };
		3462C9ED1BC44BAC0094CE76 /* FlattenArrayUITests.xctest */ = {isa = PBXFileReference; explicitFileType = wrapper.cfbundle; includeInIndex = 0; path = FlattenArrayUITests.xctest; sourceTree = BUILT_PRODUCTS_DIR; };
		3462C9F11BC44BAC0094CE76 /* FlattenArrayUITests.m */ = {isa = PBXFileReference; lastKnownFileType = sourcecode.c.objc; path = FlattenArrayUITests.m; sourceTree = "<group>"; };
		3462C9F31BC44BAC0094CE76 /* Info.plist */ = {isa = PBXFileReference; lastKnownFileType = text.plist.xml; path = Info.plist; sourceTree = "<group>"; };
/* End PBXFileReference section */

/* Begin PBXFrameworksBuildPhase section */
		3462C9C61BC44BAC0094CE76 /* Frameworks */ = {
			isa = PBXFrameworksBuildPhase;
			buildActionMask = 2147483647;
			files = (
			);
			runOnlyForDeploymentPostprocessing = 0;
		};
		3462C9DF1BC44BAC0094CE76 /* Frameworks */ = {
			isa = PBXFrameworksBuildPhase;
			buildActionMask = 2147483647;
			files = (
			);
			runOnlyForDeploymentPostprocessing = 0;
		};
		3462C9EA1BC44BAC0094CE76 /* Frameworks */ = {
			isa = PBXFrameworksBuildPhase;
			buildActionMask = 2147483647;
			files = (
			);
			runOnlyForDeploymentPostprocessing = 0;
		};
/* End PBXFrameworksBuildPhase section */

/* Begin PBXGroup section */
		3462C9C01BC44BAC0094CE76 = {
			isa = PBXGroup;
			children = (
				3462C9CB1BC44BAC0094CE76 /* FlattenArray */,
				3462C9E51BC44BAC0094CE76 /* FlattenArrayTests */,
				3462C9F01BC44BAC0094CE76 /* FlattenArrayUITests */,
				3462C9CA1BC44BAC0094CE76 /* Products */,
			);
			sourceTree = "<group>";
		};
		3462C9CA1BC44BAC0094CE76 /* Products */ = {
			isa = PBXGroup;
			children = (
				3462C9C91BC44BAC0094CE76 /* FlattenArray.app */,
				3462C9E21BC44BAC0094CE76 /* FlattenArrayTests.xctest */,
				3462C9ED1BC44BAC0094CE76 /* FlattenArrayUITests.xctest */,
			);
			name = Products;
			sourceTree = "<group>";
		};
		3462C9CB1BC44BAC0094CE76 /* FlattenArray */ = {
			isa = PBXGroup;
			children = (
				3462C9CF1BC44BAC0094CE76 /* AppDelegate.h */,
				3462C9D01BC44BAC0094CE76 /* AppDelegate.m */,
				3462C9D21BC44BAC0094CE76 /* ViewController.h */,
				3462C9D31BC44BAC0094CE76 /* ViewController.m */,
				3462C9D51BC44BAC0094CE76 /* Main.storyboard */,
				3462C9D81BC44BAC0094CE76 /* Assets.xcassets */,
				3462C9DA1BC44BAC0094CE76 /* LaunchScreen.storyboard */,
				3462C9DD1BC44BAC0094CE76 /* Info.plist */,
				3462C9CC1BC44BAC0094CE76 /* Supporting Files */,
			);
			path = FlattenArray;
			sourceTree = "<group>";
		};
		3462C9CC1BC44BAC0094CE76 /* Supporting Files */ = {
			isa = PBXGroup;
			children = (
				3462C9CD1BC44BAC0094CE76 /* main.m */,
			);
			name = "Supporting Files";
			sourceTree = "<group>";
		};
		3462C9E51BC44BAC0094CE76 /* FlattenArrayTests */ = {
			isa = PBXGroup;
			children = (
				3462C9E61BC44BAC0094CE76 /* FlattenArrayTests.m */,
				3462C9E81BC44BAC0094CE76 /* Info.plist */,
			);
			path = FlattenArrayTests;
			sourceTree = "<group>";
		};
		3462C9F01BC44BAC0094CE76 /* FlattenArrayUITests */ = {
			isa = PBXGroup;
			children = (
				3462C9F11BC44BAC0094CE76 /* FlattenArrayUITests.m */,
				3462C9F31BC44BAC0094CE76 /* Info.plist */,
			);
			path = FlattenArrayUITests;
			sourceTree = "<group>";
		};
/* End PBXGroup section */

/* Begin PBXNativeTarget section */
		3462C9C81BC44BAC0094CE76 /* FlattenArray */ = {
			isa = PBXNativeTarget;
			buildConfigurationList = 3462C9F61BC44BAC0094CE76 /* Build configuration list for PBXNativeTarget "FlattenArray" */;
			buildPhases = (
				3462C9C51BC44BAC0094CE76 /* Sources */,
				3462C9C61BC44BAC0094CE76 /* Frameworks */,
				3462C9C71BC44BAC0094CE76 /* Resources */,
			);
			buildRules = (
			);
			dependencies = (
			);
			name = FlattenArray;
			productName = FlattenArray;
			productReference = 3462C9C91BC44BAC0094CE76 /* FlattenArray.app */;
			productType = "com.apple.product-type.application";
		};
		3462C9E11BC44BAC0094CE76 /* FlattenArrayTests */ = {
			isa = PBXNativeTarget;
			buildConfigurationList = 3462C9F91BC44BAC0094CE76 /* Build configuration list for PBXNativeTarget "FlattenArrayTests" */;
			buildPhases = (
				3462C9DE1BC44BAC0094CE76 /* Sources */,
				3462C9DF1BC44BAC0094CE76 /* Frameworks */,
				3462C9E01BC44BAC0094CE76 /* Resources */,
			);
			buildRules = (
			);
			dependencies = (
				3462C9E41BC44BAC0094CE76 /* PBXTargetDependency */,
			);
			name = FlattenArrayTests;
			productName = FlattenArrayTests;
			productReference = 3462C9E21BC44BAC0094CE76 /* FlattenArrayTests.xctest */;
			productType = "com.apple.product-type.bundle.unit-test";
		};
		3462C9EC1BC44BAC0094CE76 /* FlattenArrayUITests */ = {
			isa = PBXNativeTarget;
			buildConfigurationList = 3462C9FC1BC44BAC0094CE76 /* Build configuration list for PBXNativeTarget "FlattenArrayUITests" */;
			buildPhases = (
				3462C9E91BC44BAC0094CE76 /* Sources */,
				3462C9EA1BC44BAC0094CE76 /* Frameworks */,
				3462C9EB1BC44BAC0094CE76 /* Resources */,
			);
			buildRules = (
			);
			dependencies = (
				3462C9EF1BC44BAC0094CE76 /* PBXTargetDependency */,
			);
			name = FlattenArrayUITests;
			productName = FlattenArrayUITests;
			productReference = 3462C9ED1BC44BAC0094CE76 /* FlattenArrayUITests.xctest */;
			productType = "com.apple.product-type.bundle.ui-testing";
		};
/* End PBXNativeTarget section */

/* Begin PBXProject section */
		3462C9C11BC44BAC0094CE76 /* Project object */ = {
			isa = PBXProject;
			attributes = {
				LastUpgradeCheck = 0700;
				ORGANIZATIONNAME = Vijay;
				TargetAttributes = {
					3462C9C81BC44BAC0094CE76 = {
						CreatedOnToolsVersion = 7.0.1;
					};
					3462C9E11BC44BAC0094CE76 = {
						CreatedOnToolsVersion = 7.0.1;
						TestTargetID = 3462C9C81BC44BAC0094CE76;
					};
					3462C9EC1BC44BAC0094CE76 = {
						CreatedOnToolsVersion = 7.0.1;
						TestTargetID = 3462C9C81BC44BAC0094CE76;
					};
				};
			};
			buildConfigurationList = 3462C9C41BC44BAC0094CE76 /* Build configuration list for PBXProject "FlattenArray" */;
			compatibilityVersion = "Xcode 3.2";
			developmentRegion = English;
			hasScannedForEncodings = 0;
			knownRegions = (
				en,
				Base,
			);
			mainGroup = 3462C9C01BC44BAC0094CE76;
			productRefGroup = 3462C9CA1BC44BAC0094CE76 /* Products */;
			projectDirPath = "";
			projectRoot = "";
			targets = (
				3462C9C81BC44BAC0094CE76 /* FlattenArray */,
				3462C9E11BC44BAC0094CE76 /* FlattenArrayTests */,
				3462C9EC1BC44BAC0094CE76 /* FlattenArrayUITests */,
			);
		};
/* End PBXProject section */

/* Begin PBXResourcesBuildPhase section */
		3462C9C71BC44BAC0094CE76 /* Resources */ = {
			isa = PBXResourcesBuildPhase;
			buildActionMask = 2147483647;
			files = (
				3462C9DC1BC44BAC0094CE76 /* LaunchScreen.storyboard in Resources */,
				3462C9D91BC44BAC0094CE76 /* Assets.xcassets in Resources */,
				3462C9D71BC44BAC0094CE76 /* Main.storyboard in Resources */,
			);
			runOnlyForDeploymentPostprocessing = 0;
		};
		3462C9E01BC44BAC0094CE76 /* Resources */ = {
			isa = PBXResourcesBuildPhase;
			buildActionMask = 2147483647;
			files = (
			);
			runOnlyForDeploymentPostprocessing = 0;
		};
		3462C9EB1BC44BAC0094CE76 /* Resources */ = {
			isa = PBXResourcesBuildPhase;
			buildActionMask = 2147483647;
			files = (
			);
			runOnlyForDeploymentPostprocessing = 0;
		};
/* End PBXResourcesBuildPhase section */

/* Begin PBXSourcesBuildPhase section */
		3462C9C51BC44BAC0094CE76 /* Sources */ = {
			isa = PBXSourcesBuildPhase;
			buildActionMask = 2147483647;
			files = (
				3462C9D41BC44BAC0094CE76 /* ViewController.m in Sources */,
				3462C9D11BC44BAC0094CE76 /* AppDelegate.m in Sources */,
				3462C9CE1BC44BAC0094CE76 /* main.m in Sources */,
			);
			runOnlyForDeploymentPostprocessing = 0;
		};
		3462C9DE1BC44BAC0094CE76 /* Sources */ = {
			isa = PBXSourcesBuildPhase;
			buildActionMask = 2147483647;
			files = (
				3462C9E71BC44BAC0094CE76 /* FlattenArrayTests.m in Sources */,
			);
			runOnlyForDeploymentPostprocessing = 0;
		};
		3462C9E91BC44BAC0094CE76 /* Sources */ = {
			isa = PBXSourcesBuildPhase;
			buildActionMask = 2147483647;
			files = (
				3462C9F21BC44BAC0094CE76 /* FlattenArrayUITests.m in Sources */,
			);
			runOnlyForDeploymentPostprocessing = 0;
		};
/* End PBXSourcesBuildPhase section */

/* Begin PBXTargetDependency section */
		3462C9E41BC44BAC0094CE76 /* PBXTargetDependency */ = {
			isa = PBXTargetDependency;
			target = 3462C9C81BC44BAC0094CE76 /* FlattenArray */;
			targetProxy = 3462C9E31BC44BAC0094CE76 /* PBXContainerItemProxy */;
		};
		3462C9EF1BC44BAC0094CE76 /* PBXTargetDependency */ = {
			isa = PBXTargetDependency;
			target = 3462C9C81BC44BAC0094CE76 /* FlattenArray */;
			targetProxy = 3462C9EE1BC44BAC0094CE76 /* PBXContainerItemProxy */;
		};
/* End PBXTargetDependency section */

/* Begin PBXVariantGroup section */
		3462C9D51BC44BAC0094CE76 /* Main.storyboard */ = {
			isa = PBXVariantGroup;
			children = (
				3462C9D61BC44BAC0094CE76 /* Base */,
			);
			name = Main.storyboard;
			sourceTree = "<group>";
		};
		3462C9DA1BC44BAC0094CE76 /* LaunchScreen.storyboard */ = {
			isa = PBXVariantGroup;
			children = (
				3462C9DB1BC44BAC0094CE76 /* Base */,
			);
			name = LaunchScreen.storyboard;
			sourceTree = "<group>";
		};
/* End PBXVariantGroup section */

/* Begin XCBuildConfiguration section */
		3462C9F41BC44BAC0094CE76 /* Debug */ = {
			isa = XCBuildConfiguration;
			buildSettings = {
				ALWAYS_SEARCH_USER_PATHS = NO;
				CLANG_CXX_LANGUAGE_STANDARD = "gnu++0x";
				CLANG_CXX_LIBRARY = "libc++";
				CLANG_ENABLE_MODULES = YES;
				CLANG_ENABLE_OBJC_ARC = YES;
				CLANG_WARN_BOOL_CONVERSION = YES;
				CLANG_WARN_CONSTANT_CONVERSION = YES;
				CLANG_WARN_DIRECT_OBJC_ISA_USAGE = YES_ERROR;
				CLANG_WARN_EMPTY_BODY = YES;
				CLANG_WARN_ENUM_CONVERSION = YES;
				CLANG_WARN_INT_CONVERSION = YES;
				CLANG_WARN_OBJC_ROOT_CLASS = YES_ERROR;
				CLANG_WARN_UNREACHABLE_CODE = YES;
				CLANG_WARN__DUPLICATE_METHOD_MATCH = YES;
				"CODE_SIGN_IDENTITY[sdk=iphoneos*]" = "iPhone Developer";
				COPY_PHASE_STRIP = NO;
				DEBUG_INFORMATION_FORMAT = dwarf;
				ENABLE_STRICT_OBJC_MSGSEND = YES;
				ENABLE_TESTABILITY = YES;
				GCC_C_LANGUAGE_STANDARD = gnu99;
				GCC_DYNAMIC_NO_PIC = NO;
				GCC_NO_COMMON_BLOCKS = YES;
				GCC_OPTIMIZATION_LEVEL = 0;
				GCC_PREPROCESSOR_DEFINITIONS = (
					"DEBUG=1",
					"$(inherited)",
				);
				GCC_WARN_64_TO_32_BIT_CONVERSION = YES;
				GCC_WARN_ABOUT_RETURN_TYPE = YES_ERROR;
				GCC_WARN_UNDECLARED_SELECTOR = YES;
				GCC_WARN_UNINITIALIZED_AUTOS = YES_AGGRESSIVE;
				GCC_WARN_UNUSED_FUNCTION = YES;
				GCC_WARN_UNUSED_VARIABLE = YES;
				IPHONEOS_DEPLOYMENT_TARGET = 9.0;
				MTL_ENABLE_DEBUG_INFO = YES;
				ONLY_ACTIVE_ARCH = YES;
				SDKROOT = iphoneos;
			};
			name = Debug;
		};
		3462C9F51BC44BAC0094CE76 /* Release */ = {
			isa = XCBuildConfiguration;
			buildSettings = {
				ALWAYS_SEARCH_USER_PATHS = NO;
				CLANG_CXX_LANGUAGE_STANDARD = "gnu++0x";
				CLANG_CXX_LIBRARY = "libc++";
				CLANG_ENABLE_MODULES = YES;
				CLANG_ENABLE_OBJC_ARC = YES;
				CLANG_WARN_BOOL_CONVERSION = YES;
				CLANG_WARN_CONSTANT_CONVERSION = YES;
				CLANG_WARN_DIRECT_OBJC_ISA_USAGE = YES_ERROR;
				CLANG_WARN_EMPTY_BODY = YES;
				CLANG_WARN_ENUM_CONVERSION = YES;
				CLANG_WARN_INT_CONVERSION = YES;
				CLANG_WARN_OBJC_ROOT_CLASS = YES_ERROR;
				CLANG_WARN_UNREACHABLE_CODE = YES;
				CLANG_WARN__DUPLICATE_METHOD_MATCH = YES;
				"CODE_SIGN_IDENTITY[sdk=iphoneos*]" = "iPhone Developer";
				COPY_PHASE_STRIP = NO;
				DEBUG_INFORMATION_FORMAT = "dwarf-with-dsym";
				ENABLE_NS_ASSERTIONS = NO;
				ENABLE_STRICT_OBJC_MSGSEND = YES;
				GCC_C_LANGUAGE_STANDARD = gnu99;
				GCC_NO_COMMON_BLOCKS = YES;
				GCC_WARN_64_TO_32_BIT_CONVERSION = YES;
				GCC_WARN_ABOUT_RETURN_TYPE = YES_ERROR;
				GCC_WARN_UNDECLARED_SELECTOR = YES;
				GCC_WARN_UNINITIALIZED_AUTOS = YES_AGGRESSIVE;
				GCC_WARN_UNUSED_FUNCTION = YES;
				GCC_WARN_UNUSED_VARIABLE = YES;
				IPHONEOS_DEPLOYMENT_TARGET = 9.0;
				MTL_ENABLE_DEBUG_INFO = NO;
				SDKROOT = iphoneos;
				VALIDATE_PRODUCT = YES;
			};
			name = Release;
		};
		3462C9F71BC44BAC0094CE76 /* Debug */ = {
			isa = XCBuildConfiguration;
			buildSettings = {
				ASSETCATALOG_COMPILER_APPICON_NAME = AppIcon;
				INFOPLIST_FILE = FlattenArray/Info.plist;
				LD_RUNPATH_SEARCH_PATHS = "$(inherited) @executable_path/Frameworks";
				PRODUCT_BUNDLE_IDENTIFIER = com.test.FlattenArray;
				PRODUCT_NAME = "$(TARGET_NAME)";
			};
			name = Debug;
		};
		3462C9F81BC44BAC0094CE76 /* Release */ = {
			isa = XCBuildConfiguration;
			buildSettings = {
				ASSETCATALOG_COMPILER_APPICON_NAME = AppIcon;
				INFOPLIST_FILE = FlattenArray/Info.plist;
				LD_RUNPATH_SEARCH_PATHS = "$(inherited) @executable_path/Frameworks";
				PRODUCT_BUNDLE_IDENTIFIER = com.test.FlattenArray;
				PRODUCT_NAME = "$(TARGET_NAME)";
			};
			name = Release;
		};
		3462C9FA1BC44BAC0094CE76 /* Debug */ = {
			isa = XCBuildConfiguration;
			buildSettings = {
				BUNDLE_LOADER = "$(TEST_HOST)";
				INFOPLIST_FILE = FlattenArrayTests/Info.plist;
				LD_RUNPATH_SEARCH_PATHS = "$(inherited) @executable_path/Frameworks @loader_path/Frameworks";
				PRODUCT_BUNDLE_IDENTIFIER = com.test.FlattenArrayTests;
				PRODUCT_NAME = "$(TARGET_NAME)";
				TEST_HOST = "$(BUILT_PRODUCTS_DIR)/FlattenArray.app/FlattenArray";
			};
			name = Debug;
		};
		3462C9FB1BC44BAC0094CE76 /* Release */ = {
			isa = XCBuildConfiguration;
			buildSettings = {
				BUNDLE_LOADER = "$(TEST_HOST)";
				INFOPLIST_FILE = FlattenArrayTests/Info.plist;
				LD_RUNPATH_SEARCH_PATHS = "$(inherited) @executable_path/Frameworks @loader_path/Frameworks";
				PRODUCT_BUNDLE_IDENTIFIER = com.test.FlattenArrayTests;
				PRODUCT_NAME = "$(TARGET_NAME)";
				TEST_HOST = "$(BUILT_PRODUCTS_DIR)/FlattenArray.app/FlattenArray";
			};
			name = Release;
		};
		3462C9FD1BC44BAC0094CE76 /* Debug */ = {
			isa = XCBuildConfiguration;
			buildSettings = {
				INFOPLIST_FILE = FlattenArrayUITests/Info.plist;
				LD_RUNPATH_SEARCH_PATHS = "$(inherited) @executable_path/Frameworks @loader_path/Frameworks";
				PRODUCT_BUNDLE_IDENTIFIER = com.test.FlattenArrayUITests;
				PRODUCT_NAME = "$(TARGET_NAME)";
				TEST_TARGET_NAME = FlattenArray;
				USES_XCTRUNNER = YES;
			};
			name = Debug;
		};
		3462C9FE1BC44BAC0094CE76 /* Release */ = {
			isa = XCBuildConfiguration;
			buildSettings = {
				INFOPLIST_FILE = FlattenArrayUITests/Info.plist;
				LD_RUNPATH_SEARCH_PATHS = "$(inherited) @executable_path/Frameworks @loader_path/Frameworks";
				PRODUCT_BUNDLE_IDENTIFIER = com.test.FlattenArrayUITests;
				PRODUCT_NAME = "$(TARGET_NAME)";
				TEST_TARGET_NAME = FlattenArray;
				USES_XCTRUNNER = YES;
			};
			name = Release;
		};
/* End XCBuildConfiguration section */

/* Begin XCConfigurationList section */
		3462C9C41BC44BAC0094CE76 /* Build configuration list for PBXProject "FlattenArray" */ = {
			isa = XCConfigurationList;
			buildConfigurations = (
				3462C9F41BC44BAC0094CE76 /* Debug */,
				3462C9F51BC44BAC0094CE76 /* Release */,
			);
			defaultConfigurationIsVisible = 0;
			defaultConfigurationName = Release;
		};
		3462C9F61BC44BAC0094CE76 /* Build configuration list for PBXNativeTarget "FlattenArray" */ = {
			isa = XCConfigurationList;
			buildConfigurations = (
				3462C9F71BC44BAC0094CE76 /* Debug */,
				3462C9F81BC44BAC0094CE76 /* Release */,
			);
			defaultConfigurationIsVisible = 0;
		};
		3462C9F91BC44BAC0094CE76 /* Build configuration list for PBXNativeTarget "FlattenArrayTests" */ = {
			isa = XCConfigurationList;
			buildConfigurations = (
				3462C9FA1BC44BAC0094CE76 /* Debug */,
				3462C9FB1BC44BAC0094CE76 /* Release */,
			);
			defaultConfigurationIsVisible = 0;
		};
		3462C9FC1BC44BAC0094CE76 /* Build configuration list for PBXNativeTarget "FlattenArrayUITests" */ = {
			isa = XCConfigurationList;
			buildConfigurations = (
				3462C9FD1BC44BAC0094CE76 /* Debug */,
				3462C9FE1BC44BAC0094CE76 /* Release */,
			);
			defaultConfigurationIsVisible = 0;
		};
/* End XCConfigurationList section */
	};
	rootObject = 3462C9C11BC44BAC0094CE76 /* Project object */;
}
